// !$*UTF8*$!
{
	archiveVersion = 1;
	classes = {
	};
	objectVersion = 56;
	objects = {

/* Begin PBXBuildFile section */
		13080E022BCFC65A00A6DF75 /* SwiftUI_Streamlining_Network_Data_RetrievalApp.swift in Sources */ = {isa = PBXBuildFile; fileRef = 13080E012BCFC65A00A6DF75 /* SwiftUI_Streamlining_Network_Data_RetrievalApp.swift */; };
		13080E042BCFC65A00A6DF75 /* ContentView.swift in Sources */ = {isa = PBXBuildFile; fileRef = 13080E032BCFC65A00A6DF75 /* ContentView.swift */; };
		13080E062BCFC65B00A6DF75 /* Assets.xcassets in Resources */ = {isa = PBXBuildFile; fileRef = 13080E052BCFC65B00A6DF75 /* Assets.xcassets */; };
		13080E092BCFC65B00A6DF75 /* Preview Assets.xcassets in Resources */ = {isa = PBXBuildFile; fileRef = 13080E082BCFC65B00A6DF75 /* Preview Assets.xcassets */; };
		13080E102BCFC69C00A6DF75 /* DataSource.swift in Sources */ = {isa = PBXBuildFile; fileRef = 13080E0F2BCFC69C00A6DF75 /* DataSource.swift */; };
		13080E122BCFC6D700A6DF75 /* UseCases.swift in Sources */ = {isa = PBXBuildFile; fileRef = 13080E112BCFC6D700A6DF75 /* UseCases.swift */; };
		13080E142BCFC93C00A6DF75 /* SiteDownloaderHelper.swift in Sources */ = {isa = PBXBuildFile; fileRef = 13080E132BCFC93C00A6DF75 /* SiteDownloaderHelper.swift */; };
		13080E172BCFCC0200A6DF75 /* Task+Sleep.swift in Sources */ = {isa = PBXBuildFile; fileRef = 13080E162BCFCC0200A6DF75 /* Task+Sleep.swift */; };
		13080E1B2BCFCC3200A6DF75 /* ContentViewModel.swift in Sources */ = {isa = PBXBuildFile; fileRef = 13080E1A2BCFCC3200A6DF75 /* ContentViewModel.swift */; };
/* End PBXBuildFile section */

/* Begin PBXFileReference section */
		13080DFE2BCFC65A00A6DF75 /* SwiftUI-Streamlining-Network-Data-Retrieval.app */ = {isa = PBXFileReference; explicitFileType = wrapper.application; includeInIndex = 0; path = "SwiftUI-Streamlining-Network-Data-Retrieval.app"; sourceTree = BUILT_PRODUCTS_DIR; };
		13080E012BCFC65A00A6DF75 /* SwiftUI_Streamlining_Network_Data_RetrievalApp.swift */ = {isa = PBXFileReference; lastKnownFileType = sourcecode.swift; path = SwiftUI_Streamlining_Network_Data_RetrievalApp.swift; sourceTree = "<group>"; };
		13080E032BCFC65A00A6DF75 /* ContentView.swift */ = {isa = PBXFileReference; lastKnownFileType = sourcecode.swift; path = ContentView.swift; sourceTree = "<group>"; };
		13080E052BCFC65B00A6DF75 /* Assets.xcassets */ = {isa = PBXFileReference; lastKnownFileType = folder.assetcatalog; path = Assets.xcassets; sourceTree = "<group>"; };
		13080E082BCFC65B00A6DF75 /* Preview Assets.xcassets */ = {isa = PBXFileReference; lastKnownFileType = folder.assetcatalog; path = "Preview Assets.xcassets"; sourceTree = "<group>"; };
		13080E0F2BCFC69C00A6DF75 /* DataSource.swift */ = {isa = PBXFileReference; lastKnownFileType = sourcecode.swift; path = DataSource.swift; sourceTree = "<group>"; };
		13080E112BCFC6D700A6DF75 /* UseCases.swift */ = {isa = PBXFileReference; lastKnownFileType = sourcecode.swift; path = UseCases.swift; sourceTree = "<group>"; };
		13080E132BCFC93C00A6DF75 /* SiteDownloaderHelper.swift */ = {isa = PBXFileReference; lastKnownFileType = sourcecode.swift; path = SiteDownloaderHelper.swift; sourceTree = "<group>"; };
		13080E162BCFCC0200A6DF75 /* Task+Sleep.swift */ = {isa = PBXFileReference; lastKnownFileType = sourcecode.swift; path = "Task+Sleep.swift"; sourceTree = "<group>"; };
		13080E1A2BCFCC3200A6DF75 /* ContentViewModel.swift */ = {isa = PBXFileReference; lastKnownFileType = sourcecode.swift; path = ContentViewModel.swift; sourceTree = "<group>"; };
/* End PBXFileReference section */

/* Begin PBXFrameworksBuildPhase section */
		13080DFB2BCFC65A00A6DF75 /* Frameworks */ = {
			isa = PBXFrameworksBuildPhase;
			buildActionMask = 2147483647;
			files = (
			);
			runOnlyForDeploymentPostprocessing = 0;
		};
/* End PBXFrameworksBuildPhase section */

/* Begin PBXGroup section */
		13080DF52BCFC65A00A6DF75 = {
			isa = PBXGroup;
			children = (
				13080E002BCFC65A00A6DF75 /* SwiftUI-Streamlining-Network-Data-Retrieval */,
				13080DFF2BCFC65A00A6DF75 /* Products */,
			);
			sourceTree = "<group>";
		};
		13080DFF2BCFC65A00A6DF75 /* Products */ = {
			isa = PBXGroup;
			children = (
				13080DFE2BCFC65A00A6DF75 /* SwiftUI-Streamlining-Network-Data-Retrieval.app */,
			);
			name = Products;
			sourceTree = "<group>";
		};
		13080E002BCFC65A00A6DF75 /* SwiftUI-Streamlining-Network-Data-Retrieval */ = {
			isa = PBXGroup;
			children = (
				13080E192BCFCC1200A6DF75 /* UseCases */,
				13080E182BCFCC0B00A6DF75 /* Screens */,
				13080E152BCFCBE800A6DF75 /* Extensions */,
				13080E012BCFC65A00A6DF75 /* SwiftUI_Streamlining_Network_Data_RetrievalApp.swift */,
				13080E052BCFC65B00A6DF75 /* Assets.xcassets */,
				13080E072BCFC65B00A6DF75 /* Preview Content */,
			);
			path = "SwiftUI-Streamlining-Network-Data-Retrieval";
			sourceTree = "<group>";
		};
		13080E072BCFC65B00A6DF75 /* Preview Content */ = {
			isa = PBXGroup;
			children = (
				13080E082BCFC65B00A6DF75 /* Preview Assets.xcassets */,
			);
			path = "Preview Content";
			sourceTree = "<group>";
		};
		13080E152BCFCBE800A6DF75 /* Extensions */ = {
			isa = PBXGroup;
			children = (
				13080E162BCFCC0200A6DF75 /* Task+Sleep.swift */,
			);
			path = Extensions;
			sourceTree = "<group>";
		};
		13080E182BCFCC0B00A6DF75 /* Screens */ = {
			isa = PBXGroup;
			children = (
				13080E032BCFC65A00A6DF75 /* ContentView.swift */,
				13080E1A2BCFCC3200A6DF75 /* ContentViewModel.swift */,
			);
			path = Screens;
			sourceTree = "<group>";
		};
		13080E192BCFCC1200A6DF75 /* UseCases */ = {
			isa = PBXGroup;
			children = (
				13080E1D2BCFCC5A00A6DF75 /* Helpers */,
				13080E112BCFC6D700A6DF75 /* UseCases.swift */,
			);
			path = UseCases;
			sourceTree = "<group>";
		};
		13080E1D2BCFCC5A00A6DF75 /* Helpers */ = {
			isa = PBXGroup;
			children = (
				13080E0F2BCFC69C00A6DF75 /* DataSource.swift */,
				13080E132BCFC93C00A6DF75 /* SiteDownloaderHelper.swift */,
			);
			path = Helpers;
			sourceTree = "<group>";
		};
/* End PBXGroup section */

/* Begin PBXNativeTarget section */
		13080DFD2BCFC65A00A6DF75 /* SwiftUI-Streamlining-Network-Data-Retrieval */ = {
			isa = PBXNativeTarget;
			buildConfigurationList = 13080E0C2BCFC65B00A6DF75 /* Build configuration list for PBXNativeTarget "SwiftUI-Streamlining-Network-Data-Retrieval" */;
			buildPhases = (
				13080DFA2BCFC65A00A6DF75 /* Sources */,
				13080DFB2BCFC65A00A6DF75 /* Frameworks */,
				13080DFC2BCFC65A00A6DF75 /* Resources */,
			);
			buildRules = (
			);
			dependencies = (
			);
			name = "SwiftUI-Streamlining-Network-Data-Retrieval";
			productName = "SwiftUI-Streamlining-Network-Data-Retrieval";
			productReference = 13080DFE2BCFC65A00A6DF75 /* SwiftUI-Streamlining-Network-Data-Retrieval.app */;
			productType = "com.apple.product-type.application";
		};
/* End PBXNativeTarget section */

/* Begin PBXProject section */
		13080DF62BCFC65A00A6DF75 /* Project object */ = {
			isa = PBXProject;
			attributes = {
				BuildIndependentTargetsInParallel = 1;
				LastSwiftUpdateCheck = 1530;
				LastUpgradeCheck = 1530;
				TargetAttributes = {
					13080DFD2BCFC65A00A6DF75 = {
						CreatedOnToolsVersion = 15.3;
					};
				};
			};
			buildConfigurationList = 13080DF92BCFC65A00A6DF75 /* Build configuration list for PBXProject "SwiftUI-Streamlining-Network-Data-Retrieval" */;
			compatibilityVersion = "Xcode 14.0";
			developmentRegion = en;
			hasScannedForEncodings = 0;
			knownRegions = (
				en,
				Base,
			);
			mainGroup = 13080DF52BCFC65A00A6DF75;
			productRefGroup = 13080DFF2BCFC65A00A6DF75 /* Products */;
			projectDirPath = "";
			projectRoot = "";
			targets = (
				13080DFD2BCFC65A00A6DF75 /* SwiftUI-Streamlining-Network-Data-Retrieval */,
			);
		};
/* End PBXProject section */

/* Begin PBXResourcesBuildPhase section */
		13080DFC2BCFC65A00A6DF75 /* Resources */ = {
			isa = PBXResourcesBuildPhase;
			buildActionMask = 2147483647;
			files = (
				13080E092BCFC65B00A6DF75 /* Preview Assets.xcassets in Resources */,
				13080E062BCFC65B00A6DF75 /* Assets.xcassets in Resources */,
			);
			runOnlyForDeploymentPostprocessing = 0;
		};
/* End PBXResourcesBuildPhase section */

/* Begin PBXSourcesBuildPhase section */
		13080DFA2BCFC65A00A6DF75 /* Sources */ = {
			isa = PBXSourcesBuildPhase;
			buildActionMask = 2147483647;
			files = (
				13080E142BCFC93C00A6DF75 /* SiteDownloaderHelper.swift in Sources */,
				13080E102BCFC69C00A6DF75 /* DataSource.swift in Sources */,
				13080E172BCFCC0200A6DF75 /* Task+Sleep.swift in Sources */,
				13080E1B2BCFCC3200A6DF75 /* ContentViewModel.swift in Sources */,
				13080E122BCFC6D700A6DF75 /* UseCases.swift in Sources */,
				13080E042BCFC65A00A6DF75 /* ContentView.swift in Sources */,
				13080E022BCFC65A00A6DF75 /* SwiftUI_Streamlining_Network_Data_RetrievalApp.swift in Sources */,
			);
			runOnlyForDeploymentPostprocessing = 0;
		};
/* End PBXSourcesBuildPhase section */

/* Begin XCBuildConfiguration section */
		13080E0A2BCFC65B00A6DF75 /* Debug */ = {
			isa = XCBuildConfiguration;
			buildSettings = {
				ALWAYS_SEARCH_USER_PATHS = NO;
				ASSETCATALOG_COMPILER_GENERATE_SWIFT_ASSET_SYMBOL_EXTENSIONS = YES;
				CLANG_ANALYZER_NONNULL = YES;
				CLANG_ANALYZER_NUMBER_OBJECT_CONVERSION = YES_AGGRESSIVE;
				CLANG_CXX_LANGUAGE_STANDARD = "gnu++20";
				CLANG_ENABLE_MODULES = YES;
				CLANG_ENABLE_OBJC_ARC = YES;
				CLANG_ENABLE_OBJC_WEAK = YES;
				CLANG_WARN_BLOCK_CAPTURE_AUTORELEASING = YES;
				CLANG_WARN_BOOL_CONVERSION = YES;
				CLANG_WARN_COMMA = YES;
				CLANG_WARN_CONSTANT_CONVERSION = YES;
				CLANG_WARN_DEPRECATED_OBJC_IMPLEMENTATIONS = YES;
				CLANG_WARN_DIRECT_OBJC_ISA_USAGE = YES_ERROR;
				CLANG_WARN_DOCUMENTATION_COMMENTS = YES;
				CLANG_WARN_EMPTY_BODY = YES;
				CLANG_WARN_ENUM_CONVERSION = YES;
				CLANG_WARN_INFINITE_RECURSION = YES;
				CLANG_WARN_INT_CONVERSION = YES;
				CLANG_WARN_NON_LITERAL_NULL_CONVERSION = YES;
				CLANG_WARN_OBJC_IMPLICIT_RETAIN_SELF = YES;
				CLANG_WARN_OBJC_LITERAL_CONVERSION = YES;
				CLANG_WARN_OBJC_ROOT_CLASS = YES_ERROR;
				CLANG_WARN_QUOTED_INCLUDE_IN_FRAMEWORK_HEADER = YES;
				CLANG_WARN_RANGE_LOOP_ANALYSIS = YES;
				CLANG_WARN_STRICT_PROTOTYPES = YES;
				CLANG_WARN_SUSPICIOUS_MOVE = YES;
				CLANG_WARN_UNGUARDED_AVAILABILITY = YES_AGGRESSIVE;
				CLANG_WARN_UNREACHABLE_CODE = YES;
				CLANG_WARN__DUPLICATE_METHOD_MATCH = YES;
				COPY_PHASE_STRIP = NO;
				DEBUG_INFORMATION_FORMAT = dwarf;
				ENABLE_STRICT_OBJC_MSGSEND = YES;
				ENABLE_TESTABILITY = YES;
				ENABLE_USER_SCRIPT_SANDBOXING = YES;
				GCC_C_LANGUAGE_STANDARD = gnu17;
				GCC_DYNAMIC_NO_PIC = NO;
				GCC_NO_COMMON_BLOCKS = YES;
				GCC_OPTIMIZATION_LEVEL = 0;
				GCC_PREPROCESSOR_DEFINITIONS = (
					"DEBUG=1",
					"$(inherited)",
				);
				GCC_WARN_64_TO_32_BIT_CONVERSION = YES;
				GCC_WARN_ABOUT_RETURN_TYPE = YES_ERROR;
				GCC_WARN_UNDECLARED_SELECTOR = YES;
				GCC_WARN_UNINITIALIZED_AUTOS = YES_AGGRESSIVE;
				GCC_WARN_UNUSED_FUNCTION = YES;
				GCC_WARN_UNUSED_VARIABLE = YES;
				IPHONEOS_DEPLOYMENT_TARGET = 17.4;
				LOCALIZATION_PREFERS_STRING_CATALOGS = YES;
				MTL_ENABLE_DEBUG_INFO = INCLUDE_SOURCE;
				MTL_FAST_MATH = YES;
				ONLY_ACTIVE_ARCH = YES;
				SDKROOT = iphoneos;
				SWIFT_ACTIVE_COMPILATION_CONDITIONS = "DEBUG $(inherited)";
				SWIFT_OPTIMIZATION_LEVEL = "-Onone";
			};
			name = Debug;
		};
		13080E0B2BCFC65B00A6DF75 /* Release */ = {
			isa = XCBuildConfiguration;
			buildSettings = {
				ALWAYS_SEARCH_USER_PATHS = NO;
				ASSETCATALOG_COMPILER_GENERATE_SWIFT_ASSET_SYMBOL_EXTENSIONS = YES;
				CLANG_ANALYZER_NONNULL = YES;
				CLANG_ANALYZER_NUMBER_OBJECT_CONVERSION = YES_AGGRESSIVE;
				CLANG_CXX_LANGUAGE_STANDARD = "gnu++20";
				CLANG_ENABLE_MODULES = YES;
				CLANG_ENABLE_OBJC_ARC = YES;
				CLANG_ENABLE_OBJC_WEAK = YES;
				CLANG_WARN_BLOCK_CAPTURE_AUTORELEASING = YES;
				CLANG_WARN_BOOL_CONVERSION = YES;
				CLANG_WARN_COMMA = YES;
				CLANG_WARN_CONSTANT_CONVERSION = YES;
				CLANG_WARN_DEPRECATED_OBJC_IMPLEMENTATIONS = YES;
				CLANG_WARN_DIRECT_OBJC_ISA_USAGE = YES_ERROR;
				CLANG_WARN_DOCUMENTATION_COMMENTS = YES;
				CLANG_WARN_EMPTY_BODY = YES;
				CLANG_WARN_ENUM_CONVERSION = YES;
				CLANG_WARN_INFINITE_RECURSION = YES;
				CLANG_WARN_INT_CONVERSION = YES;
				CLANG_WARN_NON_LITERAL_NULL_CONVERSION = YES;
				CLANG_WARN_OBJC_IMPLICIT_RETAIN_SELF = YES;
				CLANG_WARN_OBJC_LITERAL_CONVERSION = YES;
				CLANG_WARN_OBJC_ROOT_CLASS = YES_ERROR;
				CLANG_WARN_QUOTED_INCLUDE_IN_FRAMEWORK_HEADER = YES;
				CLANG_WARN_RANGE_LOOP_ANALYSIS = YES;
				CLANG_WARN_STRICT_PROTOTYPES = YES;
				CLANG_WARN_SUSPICIOUS_MOVE = YES;
				CLANG_WARN_UNGUARDED_AVAILABILITY = YES_AGGRESSIVE;
				CLANG_WARN_UNREACHABLE_CODE = YES;
				CLANG_WARN__DUPLICATE_METHOD_MATCH = YES;
				COPY_PHASE_STRIP = NO;
				DEBUG_INFORMATION_FORMAT = "dwarf-with-dsym";
				ENABLE_NS_ASSERTIONS = NO;
				ENABLE_STRICT_OBJC_MSGSEND = YES;
				ENABLE_USER_SCRIPT_SANDBOXING = YES;
				GCC_C_LANGUAGE_STANDARD = gnu17;
				GCC_NO_COMMON_BLOCKS = YES;
				GCC_WARN_64_TO_32_BIT_CONVERSION = YES;
				GCC_WARN_ABOUT_RETURN_TYPE = YES_ERROR;
				GCC_WARN_UNDECLARED_SELECTOR = YES;
				GCC_WARN_UNINITIALIZED_AUTOS = YES_AGGRESSIVE;
				GCC_WARN_UNUSED_FUNCTION = YES;
				GCC_WARN_UNUSED_VARIABLE = YES;
				IPHONEOS_DEPLOYMENT_TARGET = 17.4;
				LOCALIZATION_PREFERS_STRING_CATALOGS = YES;
				MTL_ENABLE_DEBUG_INFO = NO;
				MTL_FAST_MATH = YES;
				SDKROOT = iphoneos;
				SWIFT_COMPILATION_MODE = wholemodule;
				VALIDATE_PRODUCT = YES;
			};
			name = Release;
		};
		13080E0D2BCFC65B00A6DF75 /* Debug */ = {
			isa = XCBuildConfiguration;
			buildSettings = {
				ASSETCATALOG_COMPILER_APPICON_NAME = AppIcon;
				ASSETCATALOG_COMPILER_GLOBAL_ACCENT_COLOR_NAME = AccentColor;
				CODE_SIGN_STYLE = Automatic;
				CURRENT_PROJECT_VERSION = 1;
				DEVELOPMENT_ASSET_PATHS = "\"SwiftUI-Streamlining-Network-Data-Retrieval/Preview Content\"";
				DEVELOPMENT_TEAM = 72XP7PAWS5;
				ENABLE_PREVIEWS = YES;
				GENERATE_INFOPLIST_FILE = YES;
				INFOPLIST_KEY_UIApplicationSceneManifest_Generation = YES;
				INFOPLIST_KEY_UIApplicationSupportsIndirectInputEvents = YES;
				INFOPLIST_KEY_UILaunchScreen_Generation = YES;
				INFOPLIST_KEY_UISupportedInterfaceOrientations_iPad = "UIInterfaceOrientationPortrait UIInterfaceOrientationPortraitUpsideDown UIInterfaceOrientationLandscapeLeft UIInterfaceOrientationLandscapeRight";
				INFOPLIST_KEY_UISupportedInterfaceOrientations_iPhone = "UIInterfaceOrientationPortrait UIInterfaceOrientationLandscapeLeft UIInterfaceOrientationLandscapeRight";
				LD_RUNPATH_SEARCH_PATHS = (
					"$(inherited)",
					"@executable_path/Frameworks",
				);
				MARKETING_VERSION = 1.0;
				PRODUCT_BUNDLE_IDENTIFIER = "com.v-tkachenko.SwiftUI-Streamlining-Network-Data-Retrieval";
				PRODUCT_NAME = "$(TARGET_NAME)";
				SWIFT_EMIT_LOC_STRINGS = YES;
				SWIFT_VERSION = 5.0;
				TARGETED_DEVICE_FAMILY = "1,2";
			};
			name = Debug;
		};
		13080E0E2BCFC65B00A6DF75 /* Release */ = {
			isa = XCBuildConfiguration;
			buildSettings = {
				ASSETCATALOG_COMPILER_APPICON_NAME = AppIcon;
				ASSETCATALOG_COMPILER_GLOBAL_ACCENT_COLOR_NAME = AccentColor;
				CODE_SIGN_STYLE = Automatic;
				CURRENT_PROJECT_VERSION = 1;
				DEVELOPMENT_ASSET_PATHS = "\"SwiftUI-Streamlining-Network-Data-Retrieval/Preview Content\"";
				DEVELOPMENT_TEAM = 72XP7PAWS5;
				ENABLE_PREVIEWS = YES;
				GENERATE_INFOPLIST_FILE = YES;
				INFOPLIST_KEY_UIApplicationSceneManifest_Generation = YES;
				INFOPLIST_KEY_UIApplicationSupportsIndirectInputEvents = YES;
				INFOPLIST_KEY_UILaunchScreen_Generation = YES;
				INFOPLIST_KEY_UISupportedInterfaceOrientations_iPad = "UIInterfaceOrientationPortrait UIInterfaceOrientationPortraitUpsideDown UIInterfaceOrientationLandscapeLeft UIInterfaceOrientationLandscapeRight";
				INFOPLIST_KEY_UISupportedInterfaceOrientations_iPhone = "UIInterfaceOrientationPortrait UIInterfaceOrientationLandscapeLeft UIInterfaceOrientationLandscapeRight";
				LD_RUNPATH_SEARCH_PATHS = (
					"$(inherited)",
					"@executable_path/Frameworks",
				);
				MARKETING_VERSION = 1.0;
				PRODUCT_BUNDLE_IDENTIFIER = "com.v-tkachenko.SwiftUI-Streamlining-Network-Data-Retrieval";
				PRODUCT_NAME = "$(TARGET_NAME)";
				SWIFT_EMIT_LOC_STRINGS = YES;
				SWIFT_VERSION = 5.0;
				TARGETED_DEVICE_FAMILY = "1,2";
			};
			name = Release;
		};
/* End XCBuildConfiguration section */

/* Begin XCConfigurationList section */
		13080DF92BCFC65A00A6DF75 /* Build configuration list for PBXProject "SwiftUI-Streamlining-Network-Data-Retrieval" */ = {
			isa = XCConfigurationList;
			buildConfigurations = (
				13080E0A2BCFC65B00A6DF75 /* Debug */,
				13080E0B2BCFC65B00A6DF75 /* Release */,
			);
			defaultConfigurationIsVisible = 0;
			defaultConfigurationName = Release;
		};
		13080E0C2BCFC65B00A6DF75 /* Build configuration list for PBXNativeTarget "SwiftUI-Streamlining-Network-Data-Retrieval" */ = {
			isa = XCConfigurationList;
			buildConfigurations = (
				13080E0D2BCFC65B00A6DF75 /* Debug */,
				13080E0E2BCFC65B00A6DF75 /* Release */,
			);
			defaultConfigurationIsVisible = 0;
			defaultConfigurationName = Release;
		};
/* End XCConfigurationList section */
	};
	rootObject = 13080DF62BCFC65A00A6DF75 /* Project object */;
}
